
Microsoft Visual Studio Solution File, Format Version 12.00
# Visual Studio Version 16
VisualStudioVersion = 16.0.32228.343
MinimumVisualStudioVersion = 10.0.40219.1
Project("{FAE04EC0-301F-11D3-BF4B-00C04F79EFBC}") = "KoikatuRecorder", "KoikatuRecorder\KoikatuRecorder.csproj", "{4A1D5CED-F4BC-4980-B362-4DF4A6FD0DBB}"
EndProject
Global
	GlobalSection(SolutionConfigurationPlatforms) = preSolution
		Debug|Any CPU = Debug|Any CPU
		Release|Any CPU = Release|Any CPU
	EndGlobalSection
	GlobalSection(ProjectConfigurationPlatforms) = postSolution
		{4A1D5CED-F4BC-4980-B362-4DF4A6FD0DBB}.Debug|Any CPU.ActiveCfg = Debug|Any CPU
		{4A1D5CED-F4BC-4980-B362-4DF4A6FD0DBB}.Debug|Any CPU.Build.0 = Debug|Any CPU
		{4A1D5CED-F4BC-4980-B362-4DF4A6FD0DBB}.Release|Any CPU.ActiveCfg = Release|Any CPU
		{4A1D5CED-F4BC-4980-B362-4DF4A6FD0DBB}.Release|Any CPU.Build.0 = Release|Any CPU
	EndGlobalSection
	GlobalSection(SolutionProperties) = preSolution
		HideSolutionNode = FALSE
	EndGlobalSection
	GlobalSection(ExtensibilityGlobals) = postSolution
		SolutionGuid = {5A338A13-8772-4367-98F4-9B3CD99F6997}
	EndGlobalSection
EndGlobal
